
Microsoft Visual Studio Solution File, Format Version 12.00
# Visual Studio Version 16
VisualStudioVersion = 16.0.30104.148
MinimumVisualStudioVersion = 10.0.40219.1
Project("{9A19103F-16F7-4668-BE54-9A1E7A4F7556}") = "CentralDeErros", "CentralDeErros.csproj", "{92F84E6A-DBB0-4483-A09C-40C7DC66F7E8}"
EndProject
Global
	GlobalSection(SolutionConfigurationPlatforms) = preSolution
		Debug|Any CPU = Debug|Any CPU
		Release|Any CPU = Release|Any CPU
	EndGlobalSection
	GlobalSection(ProjectConfigurationPlatforms) = postSolution
		{92F84E6A-DBB0-4483-A09C-40C7DC66F7E8}.Debug|Any CPU.ActiveCfg = Debug|Any CPU
		{92F84E6A-DBB0-4483-A09C-40C7DC66F7E8}.Debug|Any CPU.Build.0 = Debug|Any CPU
		{92F84E6A-DBB0-4483-A09C-40C7DC66F7E8}.Release|Any CPU.ActiveCfg = Release|Any CPU
		{92F84E6A-DBB0-4483-A09C-40C7DC66F7E8}.Release|Any CPU.Build.0 = Release|Any CPU
	EndGlobalSection
	GlobalSection(SolutionProperties) = preSolution
		HideSolutionNode = FALSE
	EndGlobalSection
	GlobalSection(ExtensibilityGlobals) = postSolution
		SolutionGuid = {7488CD6A-01A2-4525-8E84-B7A042BF2376}
	EndGlobalSection
EndGlobal
